
Microsoft Visual Studio Solution File, Format Version 12.00
# Visual Studio Version 17
VisualStudioVersion = 17.5.33516.290
MinimumVisualStudioVersion = 10.0.40219.1
Project("{FAE04EC0-301F-11D3-BF4B-00C04F79EFBC}") = "Lab_2.5", "Lab_2.5\Lab_2.5.csproj", "{9B4D50A6-9590-4C2F-B29C-B2D6FEDAD96C}"
EndProject
Global
	GlobalSection(SolutionConfigurationPlatforms) = preSolution
		Debug|Any CPU = Debug|Any CPU
		Release|Any CPU = Release|Any CPU
	EndGlobalSection
	GlobalSection(ProjectConfigurationPlatforms) = postSolution
		{9B4D50A6-9590-4C2F-B29C-B2D6FEDAD96C}.Debug|Any CPU.ActiveCfg = Debug|Any CPU
		{9B4D50A6-9590-4C2F-B29C-B2D6FEDAD96C}.Debug|Any CPU.Build.0 = Debug|Any CPU
		{9B4D50A6-9590-4C2F-B29C-B2D6FEDAD96C}.Release|Any CPU.ActiveCfg = Release|Any CPU
		{9B4D50A6-9590-4C2F-B29C-B2D6FEDAD96C}.Release|Any CPU.Build.0 = Release|Any CPU
	EndGlobalSection
	GlobalSection(SolutionProperties) = preSolution
		HideSolutionNode = FALSE
	EndGlobalSection
	GlobalSection(ExtensibilityGlobals) = postSolution
		SolutionGuid = {22BBFC3E-8171-4733-98D0-BD9B6804C124}
	EndGlobalSection
EndGlobal
